// !$*UTF8*$!
{
	archiveVersion = 1;
	classes = {
	};
	objectVersion = 52;
	objects = {

/* Begin PBXBuildFile section */
		4D61D5FF2679B74A005F48A5 /* AppDelegate.swift in Sources */ = {isa = PBXBuildFile; fileRef = 4D61D5FE2679B74A005F48A5 /* AppDelegate.swift */; };
		4D61D6012679B74A005F48A5 /* SceneDelegate.swift in Sources */ = {isa = PBXBuildFile; fileRef = 4D61D6002679B74A005F48A5 /* SceneDelegate.swift */; };
		4D61D6062679B74A005F48A5 /* Main.storyboard in Resources */ = {isa = PBXBuildFile; fileRef = 4D61D6042679B74A005F48A5 /* Main.storyboard */; };
		4D61D6092679B74A005F48A5 /* fireBaseSinInDemo.xcdatamodeld in Sources */ = {isa = PBXBuildFile; fileRef = 4D61D6072679B74A005F48A5 /* fireBaseSinInDemo.xcdatamodeld */; };
		4D61D60B2679B74E005F48A5 /* Assets.xcassets in Resources */ = {isa = PBXBuildFile; fileRef = 4D61D60A2679B74E005F48A5 /* Assets.xcassets */; };
		4D61D60E2679B74E005F48A5 /* LaunchScreen.storyboard in Resources */ = {isa = PBXBuildFile; fileRef = 4D61D60C2679B74E005F48A5 /* LaunchScreen.storyboard */; };
		4D61D6162679B787005F48A5 /* GoogleService-Info.plist in Resources */ = {isa = PBXBuildFile; fileRef = 4D61D6152679B787005F48A5 /* GoogleService-Info.plist */; };
		4D61D61B2679BBAE005F48A5 /* sinInViewController.swift in Sources */ = {isa = PBXBuildFile; fileRef = 4D61D61A2679BBAE005F48A5 /* sinInViewController.swift */; };
		4D61D61D2679D77D005F48A5 /* editViewController.swift in Sources */ = {isa = PBXBuildFile; fileRef = 4D61D61C2679D77D005F48A5 /* editViewController.swift */; };
		4D61D644267B2AE4005F48A5 /* BuildFile in Frameworks */ = {isa = PBXBuildFile; productRef = 4D61D643267B2AE4005F48A5 /* SwiftPackageProductDependency */; };
		D0F9E2535A0B69B0EBE40CB7 /* Pods_fireBaseSinInDemo.framework in Frameworks */ = {isa = PBXBuildFile; fileRef = CE5D236593DA3D4C13D95484 /* Pods_fireBaseSinInDemo.framework */; };
/* End PBXBuildFile section */

/* Begin PBXFileReference section */
		1299E28A9CAD0649C6BF00C2 /* Pods-fireBaseSinInDemo.release.xcconfig */ = {isa = PBXFileReference; includeInIndex = 1; lastKnownFileType = text.xcconfig; name = "Pods-fireBaseSinInDemo.release.xcconfig"; path = "Target Support Files/Pods-fireBaseSinInDemo/Pods-fireBaseSinInDemo.release.xcconfig"; sourceTree = "<group>"; };
		4760A39B9EE43126E0FE3FCC /* Pods-fireBaseSinInDemo.debug.xcconfig */ = {isa = PBXFileReference; includeInIndex = 1; lastKnownFileType = text.xcconfig; name = "Pods-fireBaseSinInDemo.debug.xcconfig"; path = "Target Support Files/Pods-fireBaseSinInDemo/Pods-fireBaseSinInDemo.debug.xcconfig"; sourceTree = "<group>"; };
		4D61D5FB2679B74A005F48A5 /* fireBaseSinInDemo.app */ = {isa = PBXFileReference; explicitFileType = wrapper.application; includeInIndex = 0; path = fireBaseSinInDemo.app; sourceTree = BUILT_PRODUCTS_DIR; };
		4D61D5FE2679B74A005F48A5 /* AppDelegate.swift */ = {isa = PBXFileReference; lastKnownFileType = sourcecode.swift; path = AppDelegate.swift; sourceTree = "<group>"; };
		4D61D6002679B74A005F48A5 /* SceneDelegate.swift */ = {isa = PBXFileReference; lastKnownFileType = sourcecode.swift; path = SceneDelegate.swift; sourceTree = "<group>"; };
		4D61D6052679B74A005F48A5 /* Base */ = {isa = PBXFileReference; lastKnownFileType = file.storyboard; name = Base; path = Base.lproj/Main.storyboard; sourceTree = "<group>"; };
		4D61D6082679B74A005F48A5 /* fireBaseSinInDemo.xcdatamodel */ = {isa = PBXFileReference; lastKnownFileType = wrapper.xcdatamodel; path = fireBaseSinInDemo.xcdatamodel; sourceTree = "<group>"; };
		4D61D60A2679B74E005F48A5 /* Assets.xcassets */ = {isa = PBXFileReference; lastKnownFileType = folder.assetcatalog; path = Assets.xcassets; sourceTree = "<group>"; };
		4D61D60D2679B74E005F48A5 /* Base */ = {isa = PBXFileReference; lastKnownFileType = file.storyboard; name = Base; path = Base.lproj/LaunchScreen.storyboard; sourceTree = "<group>"; };
		4D61D60F2679B74E005F48A5 /* Info.plist */ = {isa = PBXFileReference; lastKnownFileType = text.plist.xml; path = Info.plist; sourceTree = "<group>"; };
		4D61D6152679B787005F48A5 /* GoogleService-Info.plist */ = {isa = PBXFileReference; fileEncoding = 4; lastKnownFileType = text.plist.xml; path = "GoogleService-Info.plist"; sourceTree = "<group>"; };
		4D61D61A2679BBAE005F48A5 /* sinInViewController.swift */ = {isa = PBXFileReference; lastKnownFileType = sourcecode.swift; path = sinInViewController.swift; sourceTree = "<group>"; };
		4D61D61C2679D77D005F48A5 /* editViewController.swift */ = {isa = PBXFileReference; lastKnownFileType = sourcecode.swift; path = editViewController.swift; sourceTree = "<group>"; };
		CE5D236593DA3D4C13D95484 /* Pods_fireBaseSinInDemo.framework */ = {isa = PBXFileReference; explicitFileType = wrapper.framework; includeInIndex = 0; path = Pods_fireBaseSinInDemo.framework; sourceTree = BUILT_PRODUCTS_DIR; };
/* End PBXFileReference section */

/* Begin PBXFrameworksBuildPhase section */
		4D61D5F82679B74A005F48A5 /* Frameworks */ = {
			isa = PBXFrameworksBuildPhase;
			buildActionMask = 2147483647;
			files = (
				4D61D644267B2AE4005F48A5 /* BuildFile in Frameworks */,
				D0F9E2535A0B69B0EBE40CB7 /* Pods_fireBaseSinInDemo.framework in Frameworks */,
			);
			runOnlyForDeploymentPostprocessing = 0;
		};
/* End PBXFrameworksBuildPhase section */

/* Begin PBXGroup section */
		4D61D5F22679B74A005F48A5 = {
			isa = PBXGroup;
			children = (
				4D61D5FD2679B74A005F48A5 /* fireBaseSinInDemo */,
				4D61D5FC2679B74A005F48A5 /* Products */,
				8CA33881CA51C30A1BED6C2C /* Pods */,
				BCFED48516D9B47F87F5009B /* Frameworks */,
			);
			sourceTree = "<group>";
		};
		4D61D5FC2679B74A005F48A5 /* Products */ = {
			isa = PBXGroup;
			children = (
				4D61D5FB2679B74A005F48A5 /* fireBaseSinInDemo.app */,
			);
			name = Products;
			sourceTree = "<group>";
		};
		4D61D5FD2679B74A005F48A5 /* fireBaseSinInDemo */ = {
			isa = PBXGroup;
			children = (
				4D61D5FE2679B74A005F48A5 /* AppDelegate.swift */,
				4D61D6002679B74A005F48A5 /* SceneDelegate.swift */,
				4D61D6042679B74A005F48A5 /* Main.storyboard */,
				4D61D61C2679D77D005F48A5 /* editViewController.swift */,
				4D61D61A2679BBAE005F48A5 /* sinInViewController.swift */,
				4D61D60A2679B74E005F48A5 /* Assets.xcassets */,
				4D61D60C2679B74E005F48A5 /* LaunchScreen.storyboard */,
				4D61D60F2679B74E005F48A5 /* Info.plist */,
				4D61D6152679B787005F48A5 /* GoogleService-Info.plist */,
				4D61D6072679B74A005F48A5 /* fireBaseSinInDemo.xcdatamodeld */,
			);
			path = fireBaseSinInDemo;
			sourceTree = "<group>";
		};
		8CA33881CA51C30A1BED6C2C /* Pods */ = {
			isa = PBXGroup;
			children = (
				4760A39B9EE43126E0FE3FCC /* Pods-fireBaseSinInDemo.debug.xcconfig */,
				1299E28A9CAD0649C6BF00C2 /* Pods-fireBaseSinInDemo.release.xcconfig */,
			);
			path = Pods;
			sourceTree = "<group>";
		};
		BCFED48516D9B47F87F5009B /* Frameworks */ = {
			isa = PBXGroup;
			children = (
				CE5D236593DA3D4C13D95484 /* Pods_fireBaseSinInDemo.framework */,
			);
			name = Frameworks;
			sourceTree = "<group>";
		};
/* End PBXGroup section */

/* Begin PBXNativeTarget section */
		4D61D5FA2679B74A005F48A5 /* fireBaseSinInDemo */ = {
			isa = PBXNativeTarget;
			buildConfigurationList = 4D61D6122679B74E005F48A5 /* Build configuration list for PBXNativeTarget "fireBaseSinInDemo" */;
			buildPhases = (
				7103E6BBD989DC9FFC36E2B3 /* [CP] Check Pods Manifest.lock */,
				4D61D5F72679B74A005F48A5 /* Sources */,
				4D61D5F82679B74A005F48A5 /* Frameworks */,
				4D61D5F92679B74A005F48A5 /* Resources */,
				93BA851A88BA498D605FBEC5 /* [CP] Embed Pods Frameworks */,
				F34F9DA66DC20385FA23AFC4 /* [CP] Copy Pods Resources */,
			);
			buildRules = (
			);
			dependencies = (
			);
			name = fireBaseSinInDemo;
			packageProductDependencies = (
				4D61D643267B2AE4005F48A5 /* SwiftPackageProductDependency */,
			);
			productName = fireBaseSinInDemo;
			productReference = 4D61D5FB2679B74A005F48A5 /* fireBaseSinInDemo.app */;
			productType = "com.apple.product-type.application";
		};
/* End PBXNativeTarget section */

/* Begin PBXProject section */
		4D61D5F32679B74A005F48A5 /* Project object */ = {
			isa = PBXProject;
			attributes = {
				LastSwiftUpdateCheck = 1250;
				LastUpgradeCheck = 1250;
				TargetAttributes = {
					4D61D5FA2679B74A005F48A5 = {
						CreatedOnToolsVersion = 12.5;
					};
				};
			};
			buildConfigurationList = 4D61D5F62679B74A005F48A5 /* Build configuration list for PBXProject "fireBaseSinInDemo" */;
			compatibilityVersion = "Xcode 9.3";
			developmentRegion = en;
			hasScannedForEncodings = 0;
			knownRegions = (
				en,
				Base,
			);
			mainGroup = 4D61D5F22679B74A005F48A5;
			packageReferences = (
				4D61D642267B2AE4005F48A5 /* RemoteSwiftPackageReference */,
			);
			productRefGroup = 4D61D5FC2679B74A005F48A5 /* Products */;
			projectDirPath = "";
			projectRoot = "";
			targets = (
				4D61D5FA2679B74A005F48A5 /* fireBaseSinInDemo */,
			);
		};
/* End PBXProject section */

/* Begin PBXResourcesBuildPhase section */
		4D61D5F92679B74A005F48A5 /* Resources */ = {
			isa = PBXResourcesBuildPhase;
			buildActionMask = 2147483647;
			files = (
				4D61D60E2679B74E005F48A5 /* LaunchScreen.storyboard in Resources */,
				4D61D6162679B787005F48A5 /* GoogleService-Info.plist in Resources */,
				4D61D60B2679B74E005F48A5 /* Assets.xcassets in Resources */,
				4D61D6062679B74A005F48A5 /* Main.storyboard in Resources */,
			);
			runOnlyForDeploymentPostprocessing = 0;
		};
/* End PBXResourcesBuildPhase section */

/* Begin PBXShellScriptBuildPhase section */
		7103E6BBD989DC9FFC36E2B3 /* [CP] Check Pods Manifest.lock */ = {
			isa = PBXShellScriptBuildPhase;
			buildActionMask = 2147483647;
			files = (
			);
			inputFileListPaths = (
			);
			inputPaths = (
				"${PODS_PODFILE_DIR_PATH}/Podfile.lock",
				"${PODS_ROOT}/Manifest.lock",
			);
			name = "[CP] Check Pods Manifest.lock";
			outputFileListPaths = (
			);
			outputPaths = (
				"$(DERIVED_FILE_DIR)/Pods-fireBaseSinInDemo-checkManifestLockResult.txt",
			);
			runOnlyForDeploymentPostprocessing = 0;
			shellPath = /bin/sh;
			shellScript = "diff \"${PODS_PODFILE_DIR_PATH}/Podfile.lock\" \"${PODS_ROOT}/Manifest.lock\" > /dev/null\nif [ $? != 0 ] ; then\n    # print error to STDERR\n    echo \"error: The sandbox is not in sync with the Podfile.lock. Run 'pod install' or update your CocoaPods installation.\" >&2\n    exit 1\nfi\n# This output is used by Xcode 'outputs' to avoid re-running this script phase.\necho \"SUCCESS\" > \"${SCRIPT_OUTPUT_FILE_0}\"\n";
			showEnvVarsInLog = 0;
		};
		93BA851A88BA498D605FBEC5 /* [CP] Embed Pods Frameworks */ = {
			isa = PBXShellScriptBuildPhase;
			buildActionMask = 2147483647;
			files = (
			);
			inputFileListPaths = (
				"${PODS_ROOT}/Target Support Files/Pods-fireBaseSinInDemo/Pods-fireBaseSinInDemo-frameworks-${CONFIGURATION}-input-files.xcfilelist",
			);
			name = "[CP] Embed Pods Frameworks";
			outputFileListPaths = (
				"${PODS_ROOT}/Target Support Files/Pods-fireBaseSinInDemo/Pods-fireBaseSinInDemo-frameworks-${CONFIGURATION}-output-files.xcfilelist",
			);
			runOnlyForDeploymentPostprocessing = 0;
			shellPath = /bin/sh;
			shellScript = "\"${PODS_ROOT}/Target Support Files/Pods-fireBaseSinInDemo/Pods-fireBaseSinInDemo-frameworks.sh\"\n";
			showEnvVarsInLog = 0;
		};
		F34F9DA66DC20385FA23AFC4 /* [CP] Copy Pods Resources */ = {
			isa = PBXShellScriptBuildPhase;
			buildActionMask = 2147483647;
			files = (
			);
			inputFileListPaths = (
				"${PODS_ROOT}/Target Support Files/Pods-fireBaseSinInDemo/Pods-fireBaseSinInDemo-resources-${CONFIGURATION}-input-files.xcfilelist",
			);
			name = "[CP] Copy Pods Resources";
			outputFileListPaths = (
				"${PODS_ROOT}/Target Support Files/Pods-fireBaseSinInDemo/Pods-fireBaseSinInDemo-resources-${CONFIGURATION}-output-files.xcfilelist",
			);
			runOnlyForDeploymentPostprocessing = 0;
			shellPath = /bin/sh;
			shellScript = "\"${PODS_ROOT}/Target Support Files/Pods-fireBaseSinInDemo/Pods-fireBaseSinInDemo-resources.sh\"\n";
			showEnvVarsInLog = 0;
		};
/* End PBXShellScriptBuildPhase section */

/* Begin PBXSourcesBuildPhase section */
		4D61D5F72679B74A005F48A5 /* Sources */ = {
			isa = PBXSourcesBuildPhase;
			buildActionMask = 2147483647;
			files = (
				4D61D61B2679BBAE005F48A5 /* sinInViewController.swift in Sources */,
				4D61D6092679B74A005F48A5 /* fireBaseSinInDemo.xcdatamodeld in Sources */,
				4D61D5FF2679B74A005F48A5 /* AppDelegate.swift in Sources */,
				4D61D61D2679D77D005F48A5 /* editViewController.swift in Sources */,
				4D61D6012679B74A005F48A5 /* SceneDelegate.swift in Sources */,
			);
			runOnlyForDeploymentPostprocessing = 0;
		};
/* End PBXSourcesBuildPhase section */

/* Begin PBXVariantGroup section */
		4D61D6042679B74A005F48A5 /* Main.storyboard */ = {
			isa = PBXVariantGroup;
			children = (
				4D61D6052679B74A005F48A5 /* Base */,
			);
			name = Main.storyboard;
			sourceTree = "<group>";
		};
		4D61D60C2679B74E005F48A5 /* LaunchScreen.storyboard */ = {
			isa = PBXVariantGroup;
			children = (
				4D61D60D2679B74E005F48A5 /* Base */,
			);
			name = LaunchScreen.storyboard;
			sourceTree = "<group>";
		};
/* End PBXVariantGroup section */

/* Begin XCBuildConfiguration section */
		4D61D6102679B74E005F48A5 /* Debug */ = {
			isa = XCBuildConfiguration;
			buildSettings = {
				ALWAYS_SEARCH_USER_PATHS = NO;
				CLANG_ANALYZER_NONNULL = YES;
				CLANG_ANALYZER_NUMBER_OBJECT_CONVERSION = YES_AGGRESSIVE;
				CLANG_CXX_LANGUAGE_STANDARD = "gnu++14";
				CLANG_CXX_LIBRARY = "libc++";
				CLANG_ENABLE_MODULES = YES;
				CLANG_ENABLE_OBJC_ARC = YES;
				CLANG_ENABLE_OBJC_WEAK = YES;
				CLANG_WARN_BLOCK_CAPTURE_AUTORELEASING = YES;
				CLANG_WARN_BOOL_CONVERSION = YES;
				CLANG_WARN_COMMA = YES;
				CLANG_WARN_CONSTANT_CONVERSION = YES;
				CLANG_WARN_DEPRECATED_OBJC_IMPLEMENTATIONS = YES;
				CLANG_WARN_DIRECT_OBJC_ISA_USAGE = YES_ERROR;
				CLANG_WARN_DOCUMENTATION_COMMENTS = YES;
				CLANG_WARN_EMPTY_BODY = YES;
				CLANG_WARN_ENUM_CONVERSION = YES;
				CLANG_WARN_INFINITE_RECURSION = YES;
				CLANG_WARN_INT_CONVERSION = YES;
				CLANG_WARN_NON_LITERAL_NULL_CONVERSION = YES;
				CLANG_WARN_OBJC_IMPLICIT_RETAIN_SELF = YES;
				CLANG_WARN_OBJC_LITERAL_CONVERSION = YES;
				CLANG_WARN_OBJC_ROOT_CLASS = YES_ERROR;
				CLANG_WARN_QUOTED_INCLUDE_IN_FRAMEWORK_HEADER = YES;
				CLANG_WARN_RANGE_LOOP_ANALYSIS = YES;
				CLANG_WARN_STRICT_PROTOTYPES = YES;
				CLANG_WARN_SUSPICIOUS_MOVE = YES;
				CLANG_WARN_UNGUARDED_AVAILABILITY = YES_AGGRESSIVE;
				CLANG_WARN_UNREACHABLE_CODE = YES;
				CLANG_WARN__DUPLICATE_METHOD_MATCH = YES;
				COPY_PHASE_STRIP = NO;
				DEBUG_INFORMATION_FORMAT = dwarf;
				ENABLE_STRICT_OBJC_MSGSEND = YES;
				ENABLE_TESTABILITY = YES;
				GCC_C_LANGUAGE_STANDARD = gnu11;
				GCC_DYNAMIC_NO_PIC = NO;
				GCC_NO_COMMON_BLOCKS = YES;
				GCC_OPTIMIZATION_LEVEL = 0;
				GCC_PREPROCESSOR_DEFINITIONS = (
					"DEBUG=1",
					"$(inherited)",
				);
				GCC_WARN_64_TO_32_BIT_CONVERSION = YES;
				GCC_WARN_ABOUT_RETURN_TYPE = YES_ERROR;
				GCC_WARN_UNDECLARED_SELECTOR = YES;
				GCC_WARN_UNINITIALIZED_AUTOS = YES_AGGRESSIVE;
				GCC_WARN_UNUSED_FUNCTION = YES;
				GCC_WARN_UNUSED_VARIABLE = YES;
				IPHONEOS_DEPLOYMENT_TARGET = 14.5;
				MTL_ENABLE_DEBUG_INFO = INCLUDE_SOURCE;
				MTL_FAST_MATH = YES;
				ONLY_ACTIVE_ARCH = YES;
				SDKROOT = iphoneos;
				SWIFT_ACTIVE_COMPILATION_CONDITIONS = DEBUG;
				SWIFT_OPTIMIZATION_LEVEL = "-Onone";
			};
			name = Debug;
		};
		4D61D6112679B74E005F48A5 /* Release */ = {
			isa = XCBuildConfiguration;
			buildSettings = {
				ALWAYS_SEARCH_USER_PATHS = NO;
				CLANG_ANALYZER_NONNULL = YES;
				CLANG_ANALYZER_NUMBER_OBJECT_CONVERSION = YES_AGGRESSIVE;
				CLANG_CXX_LANGUAGE_STANDARD = "gnu++14";
				CLANG_CXX_LIBRARY = "libc++";
				CLANG_ENABLE_MODULES = YES;
				CLANG_ENABLE_OBJC_ARC = YES;
				CLANG_ENABLE_OBJC_WEAK = YES;
				CLANG_WARN_BLOCK_CAPTURE_AUTORELEASING = YES;
				CLANG_WARN_BOOL_CONVERSION = YES;
				CLANG_WARN_COMMA = YES;
				CLANG_WARN_CONSTANT_CONVERSION = YES;
				CLANG_WARN_DEPRECATED_OBJC_IMPLEMENTATIONS = YES;
				CLANG_WARN_DIRECT_OBJC_ISA_USAGE = YES_ERROR;
				CLANG_WARN_DOCUMENTATION_COMMENTS = YES;
				CLANG_WARN_EMPTY_BODY = YES;
				CLANG_WARN_ENUM_CONVERSION = YES;
				CLANG_WARN_INFINITE_RECURSION = YES;
				CLANG_WARN_INT_CONVERSION = YES;
				CLANG_WARN_NON_LITERAL_NULL_CONVERSION = YES;
				CLANG_WARN_OBJC_IMPLICIT_RETAIN_SELF = YES;
				CLANG_WARN_OBJC_LITERAL_CONVERSION = YES;
				CLANG_WARN_OBJC_ROOT_CLASS = YES_ERROR;
				CLANG_WARN_QUOTED_INCLUDE_IN_FRAMEWORK_HEADER = YES;
				CLANG_WARN_RANGE_LOOP_ANALYSIS = YES;
				CLANG_WARN_STRICT_PROTOTYPES = YES;
				CLANG_WARN_SUSPICIOUS_MOVE = YES;
				CLANG_WARN_UNGUARDED_AVAILABILITY = YES_AGGRESSIVE;
				CLANG_WARN_UNREACHABLE_CODE = YES;
				CLANG_WARN__DUPLICATE_METHOD_MATCH = YES;
				COPY_PHASE_STRIP = NO;
				DEBUG_INFORMATION_FORMAT = "dwarf-with-dsym";
				ENABLE_NS_ASSERTIONS = NO;
				ENABLE_STRICT_OBJC_MSGSEND = YES;
				GCC_C_LANGUAGE_STANDARD = gnu11;
				GCC_NO_COMMON_BLOCKS = YES;
				GCC_WARN_64_TO_32_BIT_CONVERSION = YES;
				GCC_WARN_ABOUT_RETURN_TYPE = YES_ERROR;
				GCC_WARN_UNDECLARED_SELECTOR = YES;
				GCC_WARN_UNINITIALIZED_AUTOS = YES_AGGRESSIVE;
				GCC_WARN_UNUSED_FUNCTION = YES;
				GCC_WARN_UNUSED_VARIABLE = YES;
				IPHONEOS_DEPLOYMENT_TARGET = 14.5;
				MTL_ENABLE_DEBUG_INFO = NO;
				MTL_FAST_MATH = YES;
				SDKROOT = iphoneos;
				SWIFT_COMPILATION_MODE = wholemodule;
				SWIFT_OPTIMIZATION_LEVEL = "-O";
				VALIDATE_PRODUCT = YES;
			};
			name = Release;
		};
		4D61D6132679B74E005F48A5 /* Debug */ = {
			isa = XCBuildConfiguration;
			baseConfigurationReference = 4760A39B9EE43126E0FE3FCC /* Pods-fireBaseSinInDemo.debug.xcconfig */;
			buildSettings = {
				ASSETCATALOG_COMPILER_APPICON_NAME = AppIcon;
				ASSETCATALOG_COMPILER_GLOBAL_ACCENT_COLOR_NAME = AccentColor;
				CODE_SIGN_STYLE = Automatic;
				DEVELOPMENT_TEAM = KWKVL4YQWY;
				INFOPLIST_FILE = fireBaseSinInDemo/Info.plist;
				LD_RUNPATH_SEARCH_PATHS = (
					"$(inherited)",
					"@executable_path/Frameworks",
				);
				PRODUCT_BUNDLE_IDENTIFIER = "com.will.fireBaseSinInDemo-";
				PRODUCT_NAME = "$(TARGET_NAME)";
				SWIFT_VERSION = 5.0;
				TARGETED_DEVICE_FAMILY = "1,2";
			};
			name = Debug;
		};
		4D61D6142679B74E005F48A5 /* Release */ = {
			isa = XCBuildConfiguration;
			baseConfigurationReference = 1299E28A9CAD0649C6BF00C2 /* Pods-fireBaseSinInDemo.release.xcconfig */;
			buildSettings = {
				ASSETCATALOG_COMPILER_APPICON_NAME = AppIcon;
				ASSETCATALOG_COMPILER_GLOBAL_ACCENT_COLOR_NAME = AccentColor;
				CODE_SIGN_STYLE = Automatic;
				DEVELOPMENT_TEAM = KWKVL4YQWY;
				INFOPLIST_FILE = fireBaseSinInDemo/Info.plist;
				LD_RUNPATH_SEARCH_PATHS = (
					"$(inherited)",
					"@executable_path/Frameworks",
				);
				PRODUCT_BUNDLE_IDENTIFIER = "com.will.fireBaseSinInDemo-";
				PRODUCT_NAME = "$(TARGET_NAME)";
				SWIFT_VERSION = 5.0;
				TARGETED_DEVICE_FAMILY = "1,2";
			};
			name = Release;
		};
/* End XCBuildConfiguration section */

/* Begin XCConfigurationList section */
		4D61D5F62679B74A005F48A5 /* Build configuration list for PBXProject "fireBaseSinInDemo" */ = {
			isa = XCConfigurationList;
			buildConfigurations = (
				4D61D6102679B74E005F48A5 /* Debug */,
				4D61D6112679B74E005F48A5 /* Release */,
			);
			defaultConfigurationIsVisible = 0;
			defaultConfigurationName = Release;
		};
		4D61D6122679B74E005F48A5 /* Build configuration list for PBXNativeTarget "fireBaseSinInDemo" */ = {
			isa = XCConfigurationList;
			buildConfigurations = (
				4D61D6132679B74E005F48A5 /* Debug */,
				4D61D6142679B74E005F48A5 /* Release */,
			);
			defaultConfigurationIsVisible = 0;
			defaultConfigurationName = Release;
		};
/* End XCConfigurationList section */

/* Begin XCRemoteSwiftPackageReference section */
		4D61D642267B2AE4005F48A5 /* RemoteSwiftPackageReference */ = {
			isa = XCRemoteSwiftPackageReference;
			repositoryURL = "https://github.com/facebook/facebook-ios-sdk.git";
			requirement = {
				kind = upToNextMajorVersion;
				minimumVersion = 11.0.0;
			};
		};
/* End XCRemoteSwiftPackageReference section */

/* Begin XCSwiftPackageProductDependency section */
		4D61D643267B2AE4005F48A5 /* SwiftPackageProductDependency */ = {
			isa = XCSwiftPackageProductDependency;
			package = 4D61D642267B2AE4005F48A5 /* RemoteSwiftPackageReference */;
			productName = FacebookLogin;
		};
/* End XCSwiftPackageProductDependency section */

/* Begin XCVersionGroup section */
		4D61D6072679B74A005F48A5 /* fireBaseSinInDemo.xcdatamodeld */ = {
			isa = XCVersionGroup;
			children = (
				4D61D6082679B74A005F48A5 /* fireBaseSinInDemo.xcdatamodel */,
			);
			currentVersion = 4D61D6082679B74A005F48A5 /* fireBaseSinInDemo.xcdatamodel */;
			path = fireBaseSinInDemo.xcdatamodeld;
			sourceTree = "<group>";
			versionGroupType = wrapper.xcdatamodel;
		};
/* End XCVersionGroup section */
	};
	rootObject = 4D61D5F32679B74A005F48A5 /* Project object */;
}
